// !$*UTF8*$!
{
	archiveVersion = 1;
	classes = {
	};
	objectVersion = 77;
	objects = {

/* Begin PBXContainerItemProxy section */
		DDE957D32E6376AD002AC622 /* PBXContainerItemProxy */ = {
			isa = PBXContainerItemProxy;
			containerPortal = DDE957BD2E6376A6002AC622 /* Project object */;
			proxyType = 1;
			remoteGlobalIDString = DDE957C42E6376A6002AC622;
			remoteInfo = KitchenUtensils;
		};
		DDE957DD2E6376AD002AC622 /* PBXContainerItemProxy */ = {
			isa = PBXContainerItemProxy;
			containerPortal = DDE957BD2E6376A6002AC622 /* Project object */;
			proxyType = 1;
			remoteGlobalIDString = DDE957C42E6376A6002AC622;
			remoteInfo = KitchenUtensils;
		};
/* End PBXContainerItemProxy section */

/* Begin PBXFileReference section */
		DDE957C52E6376A6002AC622 /* KitchenUtensils.app */ = {isa = PBXFileReference; explicitFileType = wrapper.application; includeInIndex = 0; path = KitchenUtensils.app; sourceTree = BUILT_PRODUCTS_DIR; };
		DDE957D22E6376AD002AC622 /* KitchenUtensilsTests.xctest */ = {isa = PBXFileReference; explicitFileType = wrapper.cfbundle; includeInIndex = 0; path = KitchenUtensilsTests.xctest; sourceTree = BUILT_PRODUCTS_DIR; };
		DDE957DC2E6376AD002AC622 /* KitchenUtensilsUITests.xctest */ = {isa = PBXFileReference; explicitFileType = wrapper.cfbundle; includeInIndex = 0; path = KitchenUtensilsUITests.xctest; sourceTree = BUILT_PRODUCTS_DIR; };
/* End PBXFileReference section */

/* Begin PBXFileSystemSynchronizedRootGroup section */
		DDE957C72E6376A6002AC622 /* KitchenUtensils */ = {
			isa = PBXFileSystemSynchronizedRootGroup;
			path = KitchenUtensils;
			sourceTree = "<group>";
		};
		DDE957D52E6376AD002AC622 /* KitchenUtensilsTests */ = {
			isa = PBXFileSystemSynchronizedRootGroup;
			path = KitchenUtensilsTests;
			sourceTree = "<group>";
		};
		DDE957DF2E6376AD002AC622 /* KitchenUtensilsUITests */ = {
			isa = PBXFileSystemSynchronizedRootGroup;
			path = KitchenUtensilsUITests;
			sourceTree = "<group>";
		};
/* End PBXFileSystemSynchronizedRootGroup section */

/* Begin PBXFrameworksBuildPhase section */
		DDE957C22E6376A6002AC622 /* Frameworks */ = {
			isa = PBXFrameworksBuildPhase;
			buildActionMask = 2147483647;
			files = (
			);
			runOnlyForDeploymentPostprocessing = 0;
		};
		DDE957CF2E6376AD002AC622 /* Frameworks */ = {
			isa = PBXFrameworksBuildPhase;
			buildActionMask = 2147483647;
			files = (
			);
			runOnlyForDeploymentPostprocessing = 0;
		};
		DDE957D92E6376AD002AC622 /* Frameworks */ = {
			isa = PBXFrameworksBuildPhase;
			buildActionMask = 2147483647;
			files = (
			);
			runOnlyForDeploymentPostprocessing = 0;
		};
/* End PBXFrameworksBuildPhase section */

/* Begin PBXGroup section */
		DDE957BC2E6376A6002AC622 = {
			isa = PBXGroup;
			children = (
				DDE957C72E6376A6002AC622 /* KitchenUtensils */,
				DDE957D52E6376AD002AC622 /* KitchenUtensilsTests */,
				DDE957DF2E6376AD002AC622 /* KitchenUtensilsUITests */,
				DDE957C62E6376A6002AC622 /* Products */,
			);
			sourceTree = "<group>";
		};
		DDE957C62E6376A6002AC622 /* Products */ = {
			isa = PBXGroup;
			children = (
				DDE957C52E6376A6002AC622 /* KitchenUtensils.app */,
				DDE957D22E6376AD002AC622 /* KitchenUtensilsTests.xctest */,
				DDE957DC2E6376AD002AC622 /* KitchenUtensilsUITests.xctest */,
			);
			name = Products;
			sourceTree = "<group>";
		};
/* End PBXGroup section */

/* Begin PBXNativeTarget section */
		DDE957C42E6376A6002AC622 /* KitchenUtensils */ = {
			isa = PBXNativeTarget;
			buildConfigurationList = DDE957E62E6376AD002AC622 /* Build configuration list for PBXNativeTarget "KitchenUtensils" */;
			buildPhases = (
				DDE957C12E6376A6002AC622 /* Sources */,
				DDE957C22E6376A6002AC622 /* Frameworks */,
				DDE957C32E6376A6002AC622 /* Resources */,
			);
			buildRules = (
			);
			dependencies = (
			);
			fileSystemSynchronizedGroups = (
				DDE957C72E6376A6002AC622 /* KitchenUtensils */,
			);
			name = KitchenUtensils;
			packageProductDependencies = (
			);
			productName = KitchenUtensils;
			productReference = DDE957C52E6376A6002AC622 /* KitchenUtensils.app */;
			productType = "com.apple.product-type.application";
		};
		DDE957D12E6376AD002AC622 /* KitchenUtensilsTests */ = {
			isa = PBXNativeTarget;
			buildConfigurationList = DDE957E92E6376AD002AC622 /* Build configuration list for PBXNativeTarget "KitchenUtensilsTests" */;
			buildPhases = (
				DDE957CE2E6376AD002AC622 /* Sources */,
				DDE957CF2E6376AD002AC622 /* Frameworks */,
				DDE957D02E6376AD002AC622 /* Resources */,
			);
			buildRules = (
			);
			dependencies = (
				DDE957D42E6376AD002AC622 /* PBXTargetDependency */,
			);
			fileSystemSynchronizedGroups = (
				DDE957D52E6376AD002AC622 /* KitchenUtensilsTests */,
			);
			name = KitchenUtensilsTests;
			packageProductDependencies = (
			);
			productName = KitchenUtensilsTests;
			productReference = DDE957D22E6376AD002AC622 /* KitchenUtensilsTests.xctest */;
			productType = "com.apple.product-type.bundle.unit-test";
		};
		DDE957DB2E6376AD002AC622 /* KitchenUtensilsUITests */ = {
			isa = PBXNativeTarget;
			buildConfigurationList = DDE957EC2E6376AD002AC622 /* Build configuration list for PBXNativeTarget "KitchenUtensilsUITests" */;
			buildPhases = (
				DDE957D82E6376AD002AC622 /* Sources */,
				DDE957D92E6376AD002AC622 /* Frameworks */,
				DDE957DA2E6376AD002AC622 /* Resources */,
			);
			buildRules = (
			);
			dependencies = (
				DDE957DE2E6376AD002AC622 /* PBXTargetDependency */,
			);
			fileSystemSynchronizedGroups = (
				DDE957DF2E6376AD002AC622 /* KitchenUtensilsUITests */,
			);
			name = KitchenUtensilsUITests;
			packageProductDependencies = (
			);
			productName = KitchenUtensilsUITests;
			productReference = DDE957DC2E6376AD002AC622 /* KitchenUtensilsUITests.xctest */;
			productType = "com.apple.product-type.bundle.ui-testing";
		};
/* End PBXNativeTarget section */

/* Begin PBXProject section */
		DDE957BD2E6376A6002AC622 /* Project object */ = {
			isa = PBXProject;
			attributes = {
				BuildIndependentTargetsInParallel = 1;
				LastSwiftUpdateCheck = 1640;
				LastUpgradeCheck = 1640;
				TargetAttributes = {
					DDE957C42E6376A6002AC622 = {
						CreatedOnToolsVersion = 16.4;
					};
					DDE957D12E6376AD002AC622 = {
						CreatedOnToolsVersion = 16.4;
						TestTargetID = DDE957C42E6376A6002AC622;
					};
					DDE957DB2E6376AD002AC622 = {
						CreatedOnToolsVersion = 16.4;
						TestTargetID = DDE957C42E6376A6002AC622;
					};
				};
			};
			buildConfigurationList = DDE957C02E6376A6002AC622 /* Build configuration list for PBXProject "KitchenUtensils" */;
			developmentRegion = en;
			hasScannedForEncodings = 0;
			knownRegions = (
				en,
				Base,
			);
			mainGroup = DDE957BC2E6376A6002AC622;
			minimizedProjectReferenceProxies = 1;
			preferredProjectObjectVersion = 77;
			productRefGroup = DDE957C62E6376A6002AC622 /* Products */;
			projectDirPath = "";
			projectRoot = "";
			targets = (
				DDE957C42E6376A6002AC622 /* KitchenUtensils */,
				DDE957D12E6376AD002AC622 /* KitchenUtensilsTests */,
				DDE957DB2E6376AD002AC622 /* KitchenUtensilsUITests */,
			);
		};
/* End PBXProject section */

/* Begin PBXResourcesBuildPhase section */
		DDE957C32E6376A6002AC622 /* Resources */ = {
			isa = PBXResourcesBuildPhase;
			buildActionMask = 2147483647;
			files = (
			);
			runOnlyForDeploymentPostprocessing = 0;
		};
		DDE957D02E6376AD002AC622 /* Resources */ = {
			isa = PBXResourcesBuildPhase;
			buildActionMask = 2147483647;
			files = (
			);
			runOnlyForDeploymentPostprocessing = 0;
		};
		DDE957DA2E6376AD002AC622 /* Resources */ = {
			isa = PBXResourcesBuildPhase;
			buildActionMask = 2147483647;
			files = (
			);
			runOnlyForDeploymentPostprocessing = 0;
		};
/* End PBXResourcesBuildPhase section */

/* Begin PBXSourcesBuildPhase section */
		DDE957C12E6376A6002AC622 /* Sources */ = {
			isa = PBXSourcesBuildPhase;
			buildActionMask = 2147483647;
			files = (
			);
			runOnlyForDeploymentPostprocessing = 0;
		};
		DDE957CE2E6376AD002AC622 /* Sources */ = {
			isa = PBXSourcesBuildPhase;
			buildActionMask = 2147483647;
			files = (
			);
			runOnlyForDeploymentPostprocessing = 0;
		};
		DDE957D82E6376AD002AC622 /* Sources */ = {
			isa = PBXSourcesBuildPhase;
			buildActionMask = 2147483647;
			files = (
			);
			runOnlyForDeploymentPostprocessing = 0;
		};
/* End PBXSourcesBuildPhase section */

/* Begin PBXTargetDependency section */
		DDE957D42E6376AD002AC622 /* PBXTargetDependency */ = {
			isa = PBXTargetDependency;
			target = DDE957C42E6376A6002AC622 /* KitchenUtensils */;
			targetProxy = DDE957D32E6376AD002AC622 /* PBXContainerItemProxy */;
		};
		DDE957DE2E6376AD002AC622 /* PBXTargetDependency */ = {
			isa = PBXTargetDependency;
			target = DDE957C42E6376A6002AC622 /* KitchenUtensils */;
			targetProxy = DDE957DD2E6376AD002AC622 /* PBXContainerItemProxy */;
		};
/* End PBXTargetDependency section */

/* Begin XCBuildConfiguration section */
		DDE957E42E6376AD002AC622 /* Debug */ = {
			isa = XCBuildConfiguration;
			buildSettings = {
				ALWAYS_SEARCH_USER_PATHS = NO;
				ASSETCATALOG_COMPILER_GENERATE_SWIFT_ASSET_SYMBOL_EXTENSIONS = YES;
				CLANG_ANALYZER_NONNULL = YES;
				CLANG_ANALYZER_NUMBER_OBJECT_CONVERSION = YES_AGGRESSIVE;
				CLANG_CXX_LANGUAGE_STANDARD = "gnu++20";
				CLANG_ENABLE_MODULES = YES;
				CLANG_ENABLE_OBJC_ARC = YES;
				CLANG_ENABLE_OBJC_WEAK = YES;
				CLANG_WARN_BLOCK_CAPTURE_AUTORELEASING = YES;
				CLANG_WARN_BOOL_CONVERSION = YES;
				CLANG_WARN_COMMA = YES;
				CLANG_WARN_CONSTANT_CONVERSION = YES;
				CLANG_WARN_DEPRECATED_OBJC_IMPLEMENTATIONS = YES;
				CLANG_WARN_DIRECT_OBJC_ISA_USAGE = YES_ERROR;
				CLANG_WARN_DOCUMENTATION_COMMENTS = YES;
				CLANG_WARN_EMPTY_BODY = YES;
				CLANG_WARN_ENUM_CONVERSION = YES;
				CLANG_WARN_INFINITE_RECURSION = YES;
				CLANG_WARN_INT_CONVERSION = YES;
				CLANG_WARN_NON_LITERAL_NULL_CONVERSION = YES;
				CLANG_WARN_OBJC_IMPLICIT_RETAIN_SELF = YES;
				CLANG_WARN_OBJC_LITERAL_CONVERSION = YES;
				CLANG_WARN_OBJC_ROOT_CLASS = YES_ERROR;
				CLANG_WARN_QUOTED_INCLUDE_IN_FRAMEWORK_HEADER = YES;
				CLANG_WARN_RANGE_LOOP_ANALYSIS = YES;
				CLANG_WARN_STRICT_PROTOTYPES = YES;
				CLANG_WARN_SUSPICIOUS_MOVE = YES;
				CLANG_WARN_UNGUARDED_AVAILABILITY = YES_AGGRESSIVE;
				CLANG_WARN_UNREACHABLE_CODE = YES;
				CLANG_WARN__DUPLICATE_METHOD_MATCH = YES;
				COPY_PHASE_STRIP = NO;
				DEBUG_INFORMATION_FORMAT = dwarf;
				DEVELOPMENT_TEAM = 3SXDZ2G37Q;
				ENABLE_STRICT_OBJC_MSGSEND = YES;
				ENABLE_TESTABILITY = YES;
				ENABLE_USER_SCRIPT_SANDBOXING = YES;
				GCC_C_LANGUAGE_STANDARD = gnu17;
				GCC_DYNAMIC_NO_PIC = NO;
				GCC_NO_COMMON_BLOCKS = YES;
				GCC_OPTIMIZATION_LEVEL = 0;
				GCC_PREPROCESSOR_DEFINITIONS = (
					"DEBUG=1",
					"$(inherited)",
				);
				GCC_WARN_64_TO_32_BIT_CONVERSION = YES;
				GCC_WARN_ABOUT_RETURN_TYPE = YES_ERROR;
				GCC_WARN_UNDECLARED_SELECTOR = YES;
				GCC_WARN_UNINITIALIZED_AUTOS = YES_AGGRESSIVE;
				GCC_WARN_UNUSED_FUNCTION = YES;
				GCC_WARN_UNUSED_VARIABLE = YES;
				IPHONEOS_DEPLOYMENT_TARGET = 18.5;
				LOCALIZATION_PREFERS_STRING_CATALOGS = YES;
				MTL_ENABLE_DEBUG_INFO = INCLUDE_SOURCE;
				MTL_FAST_MATH = YES;
				ONLY_ACTIVE_ARCH = YES;
				SDKROOT = iphoneos;
				SWIFT_ACTIVE_COMPILATION_CONDITIONS = "DEBUG $(inherited)";
				SWIFT_OPTIMIZATION_LEVEL = "-Onone";
			};
			name = Debug;
		};
		DDE957E52E6376AD002AC622 /* Release */ = {
			isa = XCBuildConfiguration;
			buildSettings = {
				ALWAYS_SEARCH_USER_PATHS = NO;
				ASSETCATALOG_COMPILER_GENERATE_SWIFT_ASSET_SYMBOL_EXTENSIONS = YES;
				CLANG_ANALYZER_NONNULL = YES;
				CLANG_ANALYZER_NUMBER_OBJECT_CONVERSION = YES_AGGRESSIVE;
				CLANG_CXX_LANGUAGE_STANDARD = "gnu++20";
				CLANG_ENABLE_MODULES = YES;
				CLANG_ENABLE_OBJC_ARC = YES;
				CLANG_ENABLE_OBJC_WEAK = YES;
				CLANG_WARN_BLOCK_CAPTURE_AUTORELEASING = YES;
				CLANG_WARN_BOOL_CONVERSION = YES;
				CLANG_WARN_COMMA = YES;
				CLANG_WARN_CONSTANT_CONVERSION = YES;
				CLANG_WARN_DEPRECATED_OBJC_IMPLEMENTATIONS = YES;
				CLANG_WARN_DIRECT_OBJC_ISA_USAGE = YES_ERROR;
				CLANG_WARN_DOCUMENTATION_COMMENTS = YES;
				CLANG_WARN_EMPTY_BODY = YES;
				CLANG_WARN_ENUM_CONVERSION = YES;
				CLANG_WARN_INFINITE_RECURSION = YES;
				CLANG_WARN_INT_CONVERSION = YES;
				CLANG_WARN_NON_LITERAL_NULL_CONVERSION = YES;
				CLANG_WARN_OBJC_IMPLICIT_RETAIN_SELF = YES;
				CLANG_WARN_OBJC_LITERAL_CONVERSION = YES;
				CLANG_WARN_OBJC_ROOT_CLASS = YES_ERROR;
				CLANG_WARN_QUOTED_INCLUDE_IN_FRAMEWORK_HEADER = YES;
				CLANG_WARN_RANGE_LOOP_ANALYSIS = YES;
				CLANG_WARN_STRICT_PROTOTYPES = YES;
				CLANG_WARN_SUSPICIOUS_MOVE = YES;
				CLANG_WARN_UNGUARDED_AVAILABILITY = YES_AGGRESSIVE;
				CLANG_WARN_UNREACHABLE_CODE = YES;
				CLANG_WARN__DUPLICATE_METHOD_MATCH = YES;
				COPY_PHASE_STRIP = NO;
				DEBUG_INFORMATION_FORMAT = "dwarf-with-dsym";
				DEVELOPMENT_TEAM = 3SXDZ2G37Q;
				ENABLE_NS_ASSERTIONS = NO;
				ENABLE_STRICT_OBJC_MSGSEND = YES;
				ENABLE_USER_SCRIPT_SANDBOXING = YES;
				GCC_C_LANGUAGE_STANDARD = gnu17;
				GCC_NO_COMMON_BLOCKS = YES;
				GCC_WARN_64_TO_32_BIT_CONVERSION = YES;
				GCC_WARN_ABOUT_RETURN_TYPE = YES_ERROR;
				GCC_WARN_UNDECLARED_SELECTOR = YES;
				GCC_WARN_UNINITIALIZED_AUTOS = YES_AGGRESSIVE;
				GCC_WARN_UNUSED_FUNCTION = YES;
				GCC_WARN_UNUSED_VARIABLE = YES;
				IPHONEOS_DEPLOYMENT_TARGET = 18.5;
				LOCALIZATION_PREFERS_STRING_CATALOGS = YES;
				MTL_ENABLE_DEBUG_INFO = NO;
				MTL_FAST_MATH = YES;
				SDKROOT = iphoneos;
				SWIFT_COMPILATION_MODE = wholemodule;
				VALIDATE_PRODUCT = YES;
			};
			name = Release;
		};
		DDE957E72E6376AD002AC622 /* Debug */ = {
			isa = XCBuildConfiguration;
			buildSettings = {
				ASSETCATALOG_COMPILER_APPICON_NAME = AppIcon;
				ASSETCATALOG_COMPILER_GLOBAL_ACCENT_COLOR_NAME = AccentColor;
				CODE_SIGN_STYLE = Automatic;
				CURRENT_PROJECT_VERSION = 1;
				DEVELOPMENT_TEAM = 3SXDZ2G37Q;
				ENABLE_PREVIEWS = YES;
				GENERATE_INFOPLIST_FILE = YES;
				INFOPLIST_KEY_UIApplicationSceneManifest_Generation = YES;
				INFOPLIST_KEY_UIApplicationSupportsIndirectInputEvents = YES;
				INFOPLIST_KEY_UILaunchScreen_Generation = YES;
				INFOPLIST_KEY_UISupportedInterfaceOrientations_iPad = "UIInterfaceOrientationPortrait UIInterfaceOrientationPortraitUpsideDown UIInterfaceOrientationLandscapeLeft UIInterfaceOrientationLandscapeRight";
				INFOPLIST_KEY_UISupportedInterfaceOrientations_iPhone = "UIInterfaceOrientationPortrait UIInterfaceOrientationLandscapeLeft UIInterfaceOrientationLandscapeRight";
				LD_RUNPATH_SEARCH_PATHS = (
					"$(inherited)",
					"@executable_path/Frameworks",
				);
				MARKETING_VERSION = 1.0;
				PRODUCT_BUNDLE_IDENTIFIER = MonicaKennedy.KitchenUtensils;
				PRODUCT_NAME = "$(TARGET_NAME)";
				SWIFT_EMIT_LOC_STRINGS = YES;
				SWIFT_VERSION = 5.0;
				TARGETED_DEVICE_FAMILY = "1,2";
			};
			name = Debug;
		};
		DDE957E82E6376AD002AC622 /* Release */ = {
			isa = XCBuildConfiguration;
			buildSettings = {
				ASSETCATALOG_COMPILER_APPICON_NAME = AppIcon;
				ASSETCATALOG_COMPILER_GLOBAL_ACCENT_COLOR_NAME = AccentColor;
				CODE_SIGN_STYLE = Automatic;
				CURRENT_PROJECT_VERSION = 1;
				DEVELOPMENT_TEAM = 3SXDZ2G37Q;
				ENABLE_PREVIEWS = YES;
				GENERATE_INFOPLIST_FILE = YES;
				INFOPLIST_KEY_UIApplicationSceneManifest_Generation = YES;
				INFOPLIST_KEY_UIApplicationSupportsIndirectInputEvents = YES;
				INFOPLIST_KEY_UILaunchScreen_Generation = YES;
				INFOPLIST_KEY_UISupportedInterfaceOrientations_iPad = "UIInterfaceOrientationPortrait UIInterfaceOrientationPortraitUpsideDown UIInterfaceOrientationLandscapeLeft UIInterfaceOrientationLandscapeRight";
				INFOPLIST_KEY_UISupportedInterfaceOrientations_iPhone = "UIInterfaceOrientationPortrait UIInterfaceOrientationLandscapeLeft UIInterfaceOrientationLandscapeRight";
				LD_RUNPATH_SEARCH_PATHS = (
					"$(inherited)",
					"@executable_path/Frameworks",
				);
				MARKETING_VERSION = 1.0;
				PRODUCT_BUNDLE_IDENTIFIER = MonicaKennedy.KitchenUtensils;
				PRODUCT_NAME = "$(TARGET_NAME)";
				SWIFT_EMIT_LOC_STRINGS = YES;
				SWIFT_VERSION = 5.0;
				TARGETED_DEVICE_FAMILY = "1,2";
			};
			name = Release;
		};
		DDE957EA2E6376AD002AC622 /* Debug */ = {
			isa = XCBuildConfiguration;
			buildSettings = {
				BUNDLE_LOADER = "$(TEST_HOST)";
				CODE_SIGN_STYLE = Automatic;
				CURRENT_PROJECT_VERSION = 1;
				DEVELOPMENT_TEAM = 3SXDZ2G37Q;
				GENERATE_INFOPLIST_FILE = YES;
				IPHONEOS_DEPLOYMENT_TARGET = 18.5;
				MARKETING_VERSION = 1.0;
				PRODUCT_BUNDLE_IDENTIFIER = MonicaKennedy.KitchenUtensilsTests;
				PRODUCT_NAME = "$(TARGET_NAME)";
				SWIFT_EMIT_LOC_STRINGS = NO;
				SWIFT_VERSION = 5.0;
				TARGETED_DEVICE_FAMILY = "1,2";
				TEST_HOST = "$(BUILT_PRODUCTS_DIR)/KitchenUtensils.app/$(BUNDLE_EXECUTABLE_FOLDER_PATH)/KitchenUtensils";
			};
			name = Debug;
		};
		DDE957EB2E6376AD002AC622 /* Release */ = {
			isa = XCBuildConfiguration;
			buildSettings = {
				BUNDLE_LOADER = "$(TEST_HOST)";
				CODE_SIGN_STYLE = Automatic;
				CURRENT_PROJECT_VERSION = 1;
				DEVELOPMENT_TEAM = 3SXDZ2G37Q;
				GENERATE_INFOPLIST_FILE = YES;
				IPHONEOS_DEPLOYMENT_TARGET = 18.5;
				MARKETING_VERSION = 1.0;
				PRODUCT_BUNDLE_IDENTIFIER = MonicaKennedy.KitchenUtensilsTests;
				PRODUCT_NAME = "$(TARGET_NAME)";
				SWIFT_EMIT_LOC_STRINGS = NO;
				SWIFT_VERSION = 5.0;
				TARGETED_DEVICE_FAMILY = "1,2";
				TEST_HOST = "$(BUILT_PRODUCTS_DIR)/KitchenUtensils.app/$(BUNDLE_EXECUTABLE_FOLDER_PATH)/KitchenUtensils";
			};
			name = Release;
		};
		DDE957ED2E6376AD002AC622 /* Debug */ = {
			isa = XCBuildConfiguration;
			buildSettings = {
				CODE_SIGN_STYLE = Automatic;
				CURRENT_PROJECT_VERSION = 1;
				DEVELOPMENT_TEAM = 3SXDZ2G37Q;
				GENERATE_INFOPLIST_FILE = YES;
				MARKETING_VERSION = 1.0;
				PRODUCT_BUNDLE_IDENTIFIER = MonicaKennedy.KitchenUtensilsUITests;
				PRODUCT_NAME = "$(TARGET_NAME)";
				SWIFT_EMIT_LOC_STRINGS = NO;
				SWIFT_VERSION = 5.0;
				TARGETED_DEVICE_FAMILY = "1,2";
				TEST_TARGET_NAME = KitchenUtensils;
			};
			name = Debug;
		};
		DDE957EE2E6376AD002AC622 /* Release */ = {
			isa = XCBuildConfiguration;
			buildSettings = {
				CODE_SIGN_STYLE = Automatic;
				CURRENT_PROJECT_VERSION = 1;
				DEVELOPMENT_TEAM = 3SXDZ2G37Q;
				GENERATE_INFOPLIST_FILE = YES;
				MARKETING_VERSION = 1.0;
				PRODUCT_BUNDLE_IDENTIFIER = MonicaKennedy.KitchenUtensilsUITests;
				PRODUCT_NAME = "$(TARGET_NAME)";
				SWIFT_EMIT_LOC_STRINGS = NO;
				SWIFT_VERSION = 5.0;
				TARGETED_DEVICE_FAMILY = "1,2";
				TEST_TARGET_NAME = KitchenUtensils;
			};
			name = Release;
		};
/* End XCBuildConfiguration section */

/* Begin XCConfigurationList section */
		DDE957C02E6376A6002AC622 /* Build configuration list for PBXProject "KitchenUtensils" */ = {
			isa = XCConfigurationList;
			buildConfigurations = (
				DDE957E42E6376AD002AC622 /* Debug */,
				DDE957E52E6376AD002AC622 /* Release */,
			);
			defaultConfigurationIsVisible = 0;
			defaultConfigurationName = Release;
		};
		DDE957E62E6376AD002AC622 /* Build configuration list for PBXNativeTarget "KitchenUtensils" */ = {
			isa = XCConfigurationList;
			buildConfigurations = (
				DDE957E72E6376AD002AC622 /* Debug */,
				DDE957E82E6376AD002AC622 /* Release */,
			);
			defaultConfigurationIsVisible = 0;
			defaultConfigurationName = Release;
		};
		DDE957E92E6376AD002AC622 /* Build configuration list for PBXNativeTarget "KitchenUtensilsTests" */ = {
			isa = XCConfigurationList;
			buildConfigurations = (
				DDE957EA2E6376AD002AC622 /* Debug */,
				DDE957EB2E6376AD002AC622 /* Release */,
			);
			defaultConfigurationIsVisible = 0;
			defaultConfigurationName = Release;
		};
		DDE957EC2E6376AD002AC622 /* Build configuration list for PBXNativeTarget "KitchenUtensilsUITests" */ = {
			isa = XCConfigurationList;
			buildConfigurations = (
				DDE957ED2E6376AD002AC622 /* Debug */,
				DDE957EE2E6376AD002AC622 /* Release */,
			);
			defaultConfigurationIsVisible = 0;
			defaultConfigurationName = Release;
		};
/* End XCConfigurationList section */
	};
	rootObject = DDE957BD2E6376A6002AC622 /* Project object */;
}
